// !$*UTF8*$!
{
	archiveVersion = 1;
	classes = {
	};
	objectVersion = 46;
	objects = {

/* Begin PBXBuildFile section */
		6EF3A7A41BA1F6E3005B0D8B /* AppDelegate.swift in Sources */ = {isa = PBXBuildFile; fileRef = 6EF3A7A31BA1F6E3005B0D8B /* AppDelegate.swift */; };
		6EF3A7A61BA1F6E3005B0D8B /* FirstViewController.swift in Sources */ = {isa = PBXBuildFile; fileRef = 6EF3A7A51BA1F6E3005B0D8B /* FirstViewController.swift */; };
		6EF3A7A81BA1F6E3005B0D8B /* SecondViewController.swift in Sources */ = {isa = PBXBuildFile; fileRef = 6EF3A7A71BA1F6E3005B0D8B /* SecondViewController.swift */; };
		6EF3A7AB1BA1F6E3005B0D8B /* Main.storyboard in Resources */ = {isa = PBXBuildFile; fileRef = 6EF3A7A91BA1F6E3005B0D8B /* Main.storyboard */; };
		6EF3A7AD1BA1F6E3005B0D8B /* Assets.xcassets in Resources */ = {isa = PBXBuildFile; fileRef = 6EF3A7AC1BA1F6E3005B0D8B /* Assets.xcassets */; };
		6EF3A7B01BA1F6E3005B0D8B /* LaunchScreen.storyboard in Resources */ = {isa = PBXBuildFile; fileRef = 6EF3A7AE1BA1F6E3005B0D8B /* LaunchScreen.storyboard */; };
		6EF3A7BB1BA1F6E3005B0D8B /* LifeStyleTests.swift in Sources */ = {isa = PBXBuildFile; fileRef = 6EF3A7BA1BA1F6E3005B0D8B /* LifeStyleTests.swift */; };
		6EF3A7C61BA1F6E3005B0D8B /* LifeStyleUITests.swift in Sources */ = {isa = PBXBuildFile; fileRef = 6EF3A7C51BA1F6E3005B0D8B /* LifeStyleUITests.swift */; };
/* End PBXBuildFile section */

/* Begin PBXContainerItemProxy section */
		6EF3A7B71BA1F6E3005B0D8B /* PBXContainerItemProxy */ = {
			isa = PBXContainerItemProxy;
			containerPortal = 6EF3A7981BA1F6E3005B0D8B /* Project object */;
			proxyType = 1;
			remoteGlobalIDString = 6EF3A79F1BA1F6E3005B0D8B;
			remoteInfo = LifeStyle;
		};
		6EF3A7C21BA1F6E3005B0D8B /* PBXContainerItemProxy */ = {
			isa = PBXContainerItemProxy;
			containerPortal = 6EF3A7981BA1F6E3005B0D8B /* Project object */;
			proxyType = 1;
			remoteGlobalIDString = 6EF3A79F1BA1F6E3005B0D8B;
			remoteInfo = LifeStyle;
		};
/* End PBXContainerItemProxy section */

/* Begin PBXFileReference section */
		6EF3A7A01BA1F6E3005B0D8B /* LifeStyle.app */ = {isa = PBXFileReference; explicitFileType = wrapper.application; includeInIndex = 0; path = LifeStyle.app; sourceTree = BUILT_PRODUCTS_DIR; };
		6EF3A7A31BA1F6E3005B0D8B /* AppDelegate.swift */ = {isa = PBXFileReference; lastKnownFileType = sourcecode.swift; path = AppDelegate.swift; sourceTree = "<group>"; };
		6EF3A7A51BA1F6E3005B0D8B /* FirstViewController.swift */ = {isa = PBXFileReference; lastKnownFileType = sourcecode.swift; path = FirstViewController.swift; sourceTree = "<group>"; };
		6EF3A7A71BA1F6E3005B0D8B /* SecondViewController.swift */ = {isa = PBXFileReference; lastKnownFileType = sourcecode.swift; path = SecondViewController.swift; sourceTree = "<group>"; };
		6EF3A7AA1BA1F6E3005B0D8B /* Base */ = {isa = PBXFileReference; lastKnownFileType = file.storyboard; name = Base; path = Base.lproj/Main.storyboard; sourceTree = "<group>"; };
		6EF3A7AC1BA1F6E3005B0D8B /* Assets.xcassets */ = {isa = PBXFileReference; lastKnownFileType = folder.assetcatalog; path = Assets.xcassets; sourceTree = "<group>"; };
		6EF3A7AF1BA1F6E3005B0D8B /* Base */ = {isa = PBXFileReference; lastKnownFileType = file.storyboard; name = Base; path = Base.lproj/LaunchScreen.storyboard; sourceTree = "<group>"; };
		6EF3A7B11BA1F6E3005B0D8B /* Info.plist */ = {isa = PBXFileReference; lastKnownFileType = text.plist.xml; path = Info.plist; sourceTree = "<group>"; };
		6EF3A7B61BA1F6E3005B0D8B /* LifeStyleTests.xctest */ = {isa = PBXFileReference; explicitFileType = wrapper.cfbundle; includeInIndex = 0; path = LifeStyleTests.xctest; sourceTree = BUILT_PRODUCTS_DIR; };
		6EF3A7BA1BA1F6E3005B0D8B /* LifeStyleTests.swift */ = {isa = PBXFileReference; lastKnownFileType = sourcecode.swift; path = LifeStyleTests.swift; sourceTree = "<group>"; };
		6EF3A7BC1BA1F6E3005B0D8B /* Info.plist */ = {isa = PBXFileReference; lastKnownFileType = text.plist.xml; path = Info.plist; sourceTree = "<group>"; };
		6EF3A7C11BA1F6E3005B0D8B /* LifeStyleUITests.xctest */ = {isa = PBXFileReference; explicitFileType = wrapper.cfbundle; includeInIndex = 0; path = LifeStyleUITests.xctest; sourceTree = BUILT_PRODUCTS_DIR; };
		6EF3A7C51BA1F6E3005B0D8B /* LifeStyleUITests.swift */ = {isa = PBXFileReference; lastKnownFileType = sourcecode.swift; path = LifeStyleUITests.swift; sourceTree = "<group>"; };
		6EF3A7C71BA1F6E3005B0D8B /* Info.plist */ = {isa = PBXFileReference; lastKnownFileType = text.plist.xml; path = Info.plist; sourceTree = "<group>"; };
/* End PBXFileReference section */

/* Begin PBXFrameworksBuildPhase section */
		6EF3A79D1BA1F6E3005B0D8B /* Frameworks */ = {
			isa = PBXFrameworksBuildPhase;
			buildActionMask = 2147483647;
			files = (
			);
			runOnlyForDeploymentPostprocessing = 0;
		};
		6EF3A7B31BA1F6E3005B0D8B /* Frameworks */ = {
			isa = PBXFrameworksBuildPhase;
			buildActionMask = 2147483647;
			files = (
			);
			runOnlyForDeploymentPostprocessing = 0;
		};
		6EF3A7BE1BA1F6E3005B0D8B /* Frameworks */ = {
			isa = PBXFrameworksBuildPhase;
			buildActionMask = 2147483647;
			files = (
			);
			runOnlyForDeploymentPostprocessing = 0;
		};
/* End PBXFrameworksBuildPhase section */

/* Begin PBXGroup section */
		6EF3A7971BA1F6E3005B0D8B = {
			isa = PBXGroup;
			children = (
				6EF3A7A21BA1F6E3005B0D8B /* LifeStyle */,
				6EF3A7B91BA1F6E3005B0D8B /* LifeStyleTests */,
				6EF3A7C41BA1F6E3005B0D8B /* LifeStyleUITests */,
				6EF3A7A11BA1F6E3005B0D8B /* Products */,
			);
			sourceTree = "<group>";
		};
		6EF3A7A11BA1F6E3005B0D8B /* Products */ = {
			isa = PBXGroup;
			children = (
				6EF3A7A01BA1F6E3005B0D8B /* LifeStyle.app */,
				6EF3A7B61BA1F6E3005B0D8B /* LifeStyleTests.xctest */,
				6EF3A7C11BA1F6E3005B0D8B /* LifeStyleUITests.xctest */,
			);
			name = Products;
			sourceTree = "<group>";
		};
		6EF3A7A21BA1F6E3005B0D8B /* LifeStyle */ = {
			isa = PBXGroup;
			children = (
				6EF3A7A31BA1F6E3005B0D8B /* AppDelegate.swift */,
				6EF3A7A51BA1F6E3005B0D8B /* FirstViewController.swift */,
				6EF3A7A71BA1F6E3005B0D8B /* SecondViewController.swift */,
				6EF3A7A91BA1F6E3005B0D8B /* Main.storyboard */,
				6EF3A7AC1BA1F6E3005B0D8B /* Assets.xcassets */,
				6EF3A7AE1BA1F6E3005B0D8B /* LaunchScreen.storyboard */,
				6EF3A7B11BA1F6E3005B0D8B /* Info.plist */,
			);
			path = LifeStyle;
			sourceTree = "<group>";
		};
		6EF3A7B91BA1F6E3005B0D8B /* LifeStyleTests */ = {
			isa = PBXGroup;
			children = (
				6EF3A7BA1BA1F6E3005B0D8B /* LifeStyleTests.swift */,
				6EF3A7BC1BA1F6E3005B0D8B /* Info.plist */,
			);
			path = LifeStyleTests;
			sourceTree = "<group>";
		};
		6EF3A7C41BA1F6E3005B0D8B /* LifeStyleUITests */ = {
			isa = PBXGroup;
			children = (
				6EF3A7C51BA1F6E3005B0D8B /* LifeStyleUITests.swift */,
				6EF3A7C71BA1F6E3005B0D8B /* Info.plist */,
			);
			path = LifeStyleUITests;
			sourceTree = "<group>";
		};
/* End PBXGroup section */

/* Begin PBXNativeTarget section */
		6EF3A79F1BA1F6E3005B0D8B /* LifeStyle */ = {
			isa = PBXNativeTarget;
			buildConfigurationList = 6EF3A7CA1BA1F6E3005B0D8B /* Build configuration list for PBXNativeTarget "LifeStyle" */;
			buildPhases = (
				6EF3A79C1BA1F6E3005B0D8B /* Sources */,
				6EF3A79D1BA1F6E3005B0D8B /* Frameworks */,
				6EF3A79E1BA1F6E3005B0D8B /* Resources */,
			);
			buildRules = (
			);
			dependencies = (
			);
			name = LifeStyle;
			productName = LifeStyle;
			productReference = 6EF3A7A01BA1F6E3005B0D8B /* LifeStyle.app */;
			productType = "com.apple.product-type.application";
		};
		6EF3A7B51BA1F6E3005B0D8B /* LifeStyleTests */ = {
			isa = PBXNativeTarget;
			buildConfigurationList = 6EF3A7CD1BA1F6E3005B0D8B /* Build configuration list for PBXNativeTarget "LifeStyleTests" */;
			buildPhases = (
				6EF3A7B21BA1F6E3005B0D8B /* Sources */,
				6EF3A7B31BA1F6E3005B0D8B /* Frameworks */,
				6EF3A7B41BA1F6E3005B0D8B /* Resources */,
			);
			buildRules = (
			);
			dependencies = (
				6EF3A7B81BA1F6E3005B0D8B /* PBXTargetDependency */,
			);
			name = LifeStyleTests;
			productName = LifeStyleTests;
			productReference = 6EF3A7B61BA1F6E3005B0D8B /* LifeStyleTests.xctest */;
			productType = "com.apple.product-type.bundle.unit-test";
		};
		6EF3A7C01BA1F6E3005B0D8B /* LifeStyleUITests */ = {
			isa = PBXNativeTarget;
			buildConfigurationList = 6EF3A7D01BA1F6E3005B0D8B /* Build configuration list for PBXNativeTarget "LifeStyleUITests" */;
			buildPhases = (
				6EF3A7BD1BA1F6E3005B0D8B /* Sources */,
				6EF3A7BE1BA1F6E3005B0D8B /* Frameworks */,
				6EF3A7BF1BA1F6E3005B0D8B /* Resources */,
			);
			buildRules = (
			);
			dependencies = (
				6EF3A7C31BA1F6E3005B0D8B /* PBXTargetDependency */,
			);
			name = LifeStyleUITests;
			productName = LifeStyleUITests;
			productReference = 6EF3A7C11BA1F6E3005B0D8B /* LifeStyleUITests.xctest */;
			productType = "com.apple.product-type.bundle.ui-testing";
		};
/* End PBXNativeTarget section */

/* Begin PBXProject section */
		6EF3A7981BA1F6E3005B0D8B /* Project object */ = {
			isa = PBXProject;
			attributes = {
				LastUpgradeCheck = 0700;
				ORGANIZATIONNAME = Stanislav;
				TargetAttributes = {
					6EF3A79F1BA1F6E3005B0D8B = {
						CreatedOnToolsVersion = 7.0;
						DevelopmentTeam = 2Q3KMZEHFU;
					};
					6EF3A7B51BA1F6E3005B0D8B = {
						CreatedOnToolsVersion = 7.0;
						DevelopmentTeam = 2Q3KMZEHFU;
						TestTargetID = 6EF3A79F1BA1F6E3005B0D8B;
					};
					6EF3A7C01BA1F6E3005B0D8B = {
						CreatedOnToolsVersion = 7.0;
						DevelopmentTeam = 2Q3KMZEHFU;
						TestTargetID = 6EF3A79F1BA1F6E3005B0D8B;
					};
				};
			};
			buildConfigurationList = 6EF3A79B1BA1F6E3005B0D8B /* Build configuration list for PBXProject "LifeStyle" */;
			compatibilityVersion = "Xcode 3.2";
			developmentRegion = English;
			hasScannedForEncodings = 0;
			knownRegions = (
				en,
				Base,
			);
			mainGroup = 6EF3A7971BA1F6E3005B0D8B;
			productRefGroup = 6EF3A7A11BA1F6E3005B0D8B /* Products */;
			projectDirPath = "";
			projectRoot = "";
			targets = (
				6EF3A79F1BA1F6E3005B0D8B /* LifeStyle */,
				6EF3A7B51BA1F6E3005B0D8B /* LifeStyleTests */,
				6EF3A7C01BA1F6E3005B0D8B /* LifeStyleUITests */,
			);
		};
/* End PBXProject section */

/* Begin PBXResourcesBuildPhase section */
		6EF3A79E1BA1F6E3005B0D8B /* Resources */ = {
			isa = PBXResourcesBuildPhase;
			buildActionMask = 2147483647;
			files = (
				6EF3A7B01BA1F6E3005B0D8B /* LaunchScreen.storyboard in Resources */,
				6EF3A7AD1BA1F6E3005B0D8B /* Assets.xcassets in Resources */,
				6EF3A7AB1BA1F6E3005B0D8B /* Main.storyboard in Resources */,
			);
			runOnlyForDeploymentPostprocessing = 0;
		};
		6EF3A7B41BA1F6E3005B0D8B /* Resources */ = {
			isa = PBXResourcesBuildPhase;
			buildActionMask = 2147483647;
			files = (
			);
			runOnlyForDeploymentPostprocessing = 0;
		};
		6EF3A7BF1BA1F6E3005B0D8B /* Resources */ = {
			isa = PBXResourcesBuildPhase;
			buildActionMask = 2147483647;
			files = (
			);
			runOnlyForDeploymentPostprocessing = 0;
		};
/* End PBXResourcesBuildPhase section */

/* Begin PBXSourcesBuildPhase section */
		6EF3A79C1BA1F6E3005B0D8B /* Sources */ = {
			isa = PBXSourcesBuildPhase;
			buildActionMask = 2147483647;
			files = (
				6EF3A7A81BA1F6E3005B0D8B /* SecondViewController.swift in Sources */,
				6EF3A7A41BA1F6E3005B0D8B /* AppDelegate.swift in Sources */,
				6EF3A7A61BA1F6E3005B0D8B /* FirstViewController.swift in Sources */,
			);
			runOnlyForDeploymentPostprocessing = 0;
		};
		6EF3A7B21BA1F6E3005B0D8B /* Sources */ = {
			isa = PBXSourcesBuildPhase;
			buildActionMask = 2147483647;
			files = (
				6EF3A7BB1BA1F6E3005B0D8B /* LifeStyleTests.swift in Sources */,
			);
			runOnlyForDeploymentPostprocessing = 0;
		};
		6EF3A7BD1BA1F6E3005B0D8B /* Sources */ = {
			isa = PBXSourcesBuildPhase;
			buildActionMask = 2147483647;
			files = (
				6EF3A7C61BA1F6E3005B0D8B /* LifeStyleUITests.swift in Sources */,
			);
			runOnlyForDeploymentPostprocessing = 0;
		};
/* End PBXSourcesBuildPhase section */

/* Begin PBXTargetDependency section */
		6EF3A7B81BA1F6E3005B0D8B /* PBXTargetDependency */ = {
			isa = PBXTargetDependency;
			target = 6EF3A79F1BA1F6E3005B0D8B /* LifeStyle */;
			targetProxy = 6EF3A7B71BA1F6E3005B0D8B /* PBXContainerItemProxy */;
		};
		6EF3A7C31BA1F6E3005B0D8B /* PBXTargetDependency */ = {
			isa = PBXTargetDependency;
			target = 6EF3A79F1BA1F6E3005B0D8B /* LifeStyle */;
			targetProxy = 6EF3A7C21BA1F6E3005B0D8B /* PBXContainerItemProxy */;
		};
/* End PBXTargetDependency section */

/* Begin PBXVariantGroup section */
		6EF3A7A91BA1F6E3005B0D8B /* Main.storyboard */ = {
			isa = PBXVariantGroup;
			children = (
				6EF3A7AA1BA1F6E3005B0D8B /* Base */,
			);
			name = Main.storyboard;
			sourceTree = "<group>";
		};
		6EF3A7AE1BA1F6E3005B0D8B /* LaunchScreen.storyboard */ = {
			isa = PBXVariantGroup;
			children = (
				6EF3A7AF1BA1F6E3005B0D8B /* Base */,
			);
			name = LaunchScreen.storyboard;
			sourceTree = "<group>";
		};
/* End PBXVariantGroup section */

/* Begin XCBuildConfiguration section */
		6EF3A7C81BA1F6E3005B0D8B /* Debug */ = {
			isa = XCBuildConfiguration;
			buildSettings = {
				ALWAYS_SEARCH_USER_PATHS = NO;
				CLANG_CXX_LANGUAGE_STANDARD = "gnu++0x";
				CLANG_CXX_LIBRARY = "libc++";
				CLANG_ENABLE_MODULES = YES;
				CLANG_ENABLE_OBJC_ARC = YES;
				CLANG_WARN_BOOL_CONVERSION = YES;
				CLANG_WARN_CONSTANT_CONVERSION = YES;
				CLANG_WARN_DIRECT_OBJC_ISA_USAGE = YES_ERROR;
				CLANG_WARN_EMPTY_BODY = YES;
				CLANG_WARN_ENUM_CONVERSION = YES;
				CLANG_WARN_INT_CONVERSION = YES;
				CLANG_WARN_OBJC_ROOT_CLASS = YES_ERROR;
				CLANG_WARN_UNREACHABLE_CODE = YES;
				CLANG_WARN__DUPLICATE_METHOD_MATCH = YES;
				"CODE_SIGN_IDENTITY[sdk=iphoneos*]" = "iPhone Developer";
				COPY_PHASE_STRIP = NO;
				DEBUG_INFORMATION_FORMAT = dwarf;
				ENABLE_STRICT_OBJC_MSGSEND = YES;
				ENABLE_TESTABILITY = YES;
				GCC_C_LANGUAGE_STANDARD = gnu99;
				GCC_DYNAMIC_NO_PIC = NO;
				GCC_NO_COMMON_BLOCKS = YES;
				GCC_OPTIMIZATION_LEVEL = 0;
				GCC_PREPROCESSOR_DEFINITIONS = (
					"DEBUG=1",
					"$(inherited)",
				);
				GCC_WARN_64_TO_32_BIT_CONVERSION = YES;
				GCC_WARN_ABOUT_RETURN_TYPE = YES_ERROR;
				GCC_WARN_UNDECLARED_SELECTOR = YES;
				GCC_WARN_UNINITIALIZED_AUTOS = YES_AGGRESSIVE;
				GCC_WARN_UNUSED_FUNCTION = YES;
				GCC_WARN_UNUSED_VARIABLE = YES;
				IPHONEOS_DEPLOYMENT_TARGET = 9.0;
				MTL_ENABLE_DEBUG_INFO = YES;
				ONLY_ACTIVE_ARCH = YES;
				SDKROOT = iphoneos;
				SWIFT_OPTIMIZATION_LEVEL = "-Onone";
			};
			name = Debug;
		};
		6EF3A7C91BA1F6E3005B0D8B /* Release */ = {
			isa = XCBuildConfiguration;
			buildSettings = {
				ALWAYS_SEARCH_USER_PATHS = NO;
				CLANG_CXX_LANGUAGE_STANDARD = "gnu++0x";
				CLANG_CXX_LIBRARY = "libc++";
				CLANG_ENABLE_MODULES = YES;
				CLANG_ENABLE_OBJC_ARC = YES;
				CLANG_WARN_BOOL_CONVERSION = YES;
				CLANG_WARN_CONSTANT_CONVERSION = YES;
				CLANG_WARN_DIRECT_OBJC_ISA_USAGE = YES_ERROR;
				CLANG_WARN_EMPTY_BODY = YES;
				CLANG_WARN_ENUM_CONVERSION = YES;
				CLANG_WARN_INT_CONVERSION = YES;
				CLANG_WARN_OBJC_ROOT_CLASS = YES_ERROR;
				CLANG_WARN_UNREACHABLE_CODE = YES;
				CLANG_WARN__DUPLICATE_METHOD_MATCH = YES;
				"CODE_SIGN_IDENTITY[sdk=iphoneos*]" = "iPhone Developer";
				COPY_PHASE_STRIP = NO;
				DEBUG_INFORMATION_FORMAT = "dwarf-with-dsym";
				ENABLE_NS_ASSERTIONS = NO;
				ENABLE_STRICT_OBJC_MSGSEND = YES;
				GCC_C_LANGUAGE_STANDARD = gnu99;
				GCC_NO_COMMON_BLOCKS = YES;
				GCC_WARN_64_TO_32_BIT_CONVERSION = YES;
				GCC_WARN_ABOUT_RETURN_TYPE = YES_ERROR;
				GCC_WARN_UNDECLARED_SELECTOR = YES;
				GCC_WARN_UNINITIALIZED_AUTOS = YES_AGGRESSIVE;
				GCC_WARN_UNUSED_FUNCTION = YES;
				GCC_WARN_UNUSED_VARIABLE = YES;
				IPHONEOS_DEPLOYMENT_TARGET = 9.0;
				MTL_ENABLE_DEBUG_INFO = NO;
				SDKROOT = iphoneos;
				VALIDATE_PRODUCT = YES;
			};
			name = Release;
		};
		6EF3A7CB1BA1F6E3005B0D8B /* Debug */ = {
			isa = XCBuildConfiguration;
			buildSettings = {
				ASSETCATALOG_COMPILER_APPICON_NAME = AppIcon;
				INFOPLIST_FILE = LifeStyle/Info.plist;
				LD_RUNPATH_SEARCH_PATHS = "$(inherited) @executable_path/Frameworks";
				PRODUCT_BUNDLE_IDENTIFIER = com.probojnik.LifeStyle;
				PRODUCT_NAME = "$(TARGET_NAME)";
			};
			name = Debug;
		};
		6EF3A7CC1BA1F6E3005B0D8B /* Release */ = {
			isa = XCBuildConfiguration;
			buildSettings = {
				ASSETCATALOG_COMPILER_APPICON_NAME = AppIcon;
				INFOPLIST_FILE = LifeStyle/Info.plist;
				LD_RUNPATH_SEARCH_PATHS = "$(inherited) @executable_path/Frameworks";
				PRODUCT_BUNDLE_IDENTIFIER = com.probojnik.LifeStyle;
				PRODUCT_NAME = "$(TARGET_NAME)";
			};
			name = Release;
		};
		6EF3A7CE1BA1F6E3005B0D8B /* Debug */ = {
			isa = XCBuildConfiguration;
			buildSettings = {
				BUNDLE_LOADER = "$(TEST_HOST)";
				INFOPLIST_FILE = LifeStyleTests/Info.plist;
				LD_RUNPATH_SEARCH_PATHS = "$(inherited) @executable_path/Frameworks @loader_path/Frameworks";
				PRODUCT_BUNDLE_IDENTIFIER = com.probojnik.LifeStyleTests;
				PRODUCT_NAME = "$(TARGET_NAME)";
				TEST_HOST = "$(BUILT_PRODUCTS_DIR)/LifeStyle.app/LifeStyle";
			};
			name = Debug;
		};
		6EF3A7CF1BA1F6E3005B0D8B /* Release */ = {
			isa = XCBuildConfiguration;
			buildSettings = {
				BUNDLE_LOADER = "$(TEST_HOST)";
				INFOPLIST_FILE = LifeStyleTests/Info.plist;
				LD_RUNPATH_SEARCH_PATHS = "$(inherited) @executable_path/Frameworks @loader_path/Frameworks";
				PRODUCT_BUNDLE_IDENTIFIER = com.probojnik.LifeStyleTests;
				PRODUCT_NAME = "$(TARGET_NAME)";
				TEST_HOST = "$(BUILT_PRODUCTS_DIR)/LifeStyle.app/LifeStyle";
			};
			name = Release;
		};
		6EF3A7D11BA1F6E3005B0D8B /* Debug */ = {
			isa = XCBuildConfiguration;
			buildSettings = {
				INFOPLIST_FILE = LifeStyleUITests/Info.plist;
				LD_RUNPATH_SEARCH_PATHS = "$(inherited) @executable_path/Frameworks @loader_path/Frameworks";
				PRODUCT_BUNDLE_IDENTIFIER = com.probojnik.LifeStyleUITests;
				PRODUCT_NAME = "$(TARGET_NAME)";
				TEST_TARGET_NAME = LifeStyle;
				USES_XCTRUNNER = YES;
			};
			name = Debug;
		};
		6EF3A7D21BA1F6E3005B0D8B /* Release */ = {
			isa = XCBuildConfiguration;
			buildSettings = {
				INFOPLIST_FILE = LifeStyleUITests/Info.plist;
				LD_RUNPATH_SEARCH_PATHS = "$(inherited) @executable_path/Frameworks @loader_path/Frameworks";
				PRODUCT_BUNDLE_IDENTIFIER = com.probojnik.LifeStyleUITests;
				PRODUCT_NAME = "$(TARGET_NAME)";
				TEST_TARGET_NAME = LifeStyle;
				USES_XCTRUNNER = YES;
			};
			name = Release;
		};
/* End XCBuildConfiguration section */

/* Begin XCConfigurationList section */
		6EF3A79B1BA1F6E3005B0D8B /* Build configuration list for PBXProject "LifeStyle" */ = {
			isa = XCConfigurationList;
			buildConfigurations = (
				6EF3A7C81BA1F6E3005B0D8B /* Debug */,
				6EF3A7C91BA1F6E3005B0D8B /* Release */,
			);
			defaultConfigurationIsVisible = 0;
			defaultConfigurationName = Release;
		};
		6EF3A7CA1BA1F6E3005B0D8B /* Build configuration list for PBXNativeTarget "LifeStyle" */ = {
			isa = XCConfigurationList;
			buildConfigurations = (
				6EF3A7CB1BA1F6E3005B0D8B /* Debug */,
				6EF3A7CC1BA1F6E3005B0D8B /* Release */,
			);
			defaultConfigurationIsVisible = 0;
		};
		6EF3A7CD1BA1F6E3005B0D8B /* Build configuration list for PBXNativeTarget "LifeStyleTests" */ = {
			isa = XCConfigurationList;
			buildConfigurations = (
				6EF3A7CE1BA1F6E3005B0D8B /* Debug */,
				6EF3A7CF1BA1F6E3005B0D8B /* Release */,
			);
			defaultConfigurationIsVisible = 0;
		};
		6EF3A7D01BA1F6E3005B0D8B /* Build configuration list for PBXNativeTarget "LifeStyleUITests" */ = {
			isa = XCConfigurationList;
			buildConfigurations = (
				6EF3A7D11BA1F6E3005B0D8B /* Debug */,
				6EF3A7D21BA1F6E3005B0D8B /* Release */,
			);
			defaultConfigurationIsVisible = 0;
		};
/* End XCConfigurationList section */
	};
	rootObject = 6EF3A7981BA1F6E3005B0D8B /* Project object */;
}
